
Microsoft Visual Studio Solution File, Format Version 12.00
# Visual Studio Version 17
VisualStudioVersion = 17.8.34212.112
MinimumVisualStudioVersion = 10.0.40219.1
Project("{FAE04EC0-301F-11D3-BF4B-00C04F79EFBC}") = "Client", "Client.csproj", "{F3FCB0A9-1AA5-4AF7-B1C9-4329549A6F1A}"
EndProject
Global
	GlobalSection(SolutionConfigurationPlatforms) = preSolution
		Debug|Any CPU = Debug|Any CPU
		Release|Any CPU = Release|Any CPU
	EndGlobalSection
	GlobalSection(ProjectConfigurationPlatforms) = postSolution
		{F3FCB0A9-1AA5-4AF7-B1C9-4329549A6F1A}.Debug|Any CPU.ActiveCfg = Debug|Any CPU
		{F3FCB0A9-1AA5-4AF7-B1C9-4329549A6F1A}.Debug|Any CPU.Build.0 = Debug|Any CPU
		{F3FCB0A9-1AA5-4AF7-B1C9-4329549A6F1A}.Release|Any CPU.ActiveCfg = Release|Any CPU
		{F3FCB0A9-1AA5-4AF7-B1C9-4329549A6F1A}.Release|Any CPU.Build.0 = Release|Any CPU
	EndGlobalSection
	GlobalSection(SolutionProperties) = preSolution
		HideSolutionNode = FALSE
	EndGlobalSection
	GlobalSection(ExtensibilityGlobals) = postSolution
		SolutionGuid = {17FD6F08-32C4-4837-B9BC-15C2CEB15E36}
	EndGlobalSection
EndGlobal
